
Microsoft Visual Studio Solution File, Format Version 12.00
# Visual Studio Version 17
VisualStudioVersion = 17.5.33516.290
MinimumVisualStudioVersion = 10.0.40219.1
Project("{8BC9CEB8-8B4A-11D0-8D11-00A0C91BC942}") = "Hello World RTX", "Hello World RTX.vcxproj", "{C6A8F79B-8C6D-443B-A03F-4F8FD8D516F6}"
EndProject
Global
	GlobalSection(SolutionConfigurationPlatforms) = preSolution
		Debug|x64 = Debug|x64
		Debug|x86 = Debug|x86
		Release|x64 = Release|x64
		Release|x86 = Release|x86
	EndGlobalSection
	GlobalSection(ProjectConfigurationPlatforms) = postSolution
		{C6A8F79B-8C6D-443B-A03F-4F8FD8D516F6}.Debug|x64.ActiveCfg = Debug|x64
		{C6A8F79B-8C6D-443B-A03F-4F8FD8D516F6}.Debug|x64.Build.0 = Debug|x64
		{C6A8F79B-8C6D-443B-A03F-4F8FD8D516F6}.Debug|x86.ActiveCfg = Debug|Win32
		{C6A8F79B-8C6D-443B-A03F-4F8FD8D516F6}.Debug|x86.Build.0 = Debug|Win32
		{C6A8F79B-8C6D-443B-A03F-4F8FD8D516F6}.Release|x64.ActiveCfg = Release|x64
		{C6A8F79B-8C6D-443B-A03F-4F8FD8D516F6}.Release|x64.Build.0 = Release|x64
		{C6A8F79B-8C6D-443B-A03F-4F8FD8D516F6}.Release|x86.ActiveCfg = Release|Win32
		{C6A8F79B-8C6D-443B-A03F-4F8FD8D516F6}.Release|x86.Build.0 = Release|Win32
	EndGlobalSection
	GlobalSection(SolutionProperties) = preSolution
		HideSolutionNode = FALSE
	EndGlobalSection
	GlobalSection(ExtensibilityGlobals) = postSolution
		SolutionGuid = {FC49639B-99B6-4EC8-9512-5B29B52C11DE}
	EndGlobalSection
EndGlobal
